
Microsoft Visual Studio Solution File, Format Version 12.00
# Visual Studio Version 17
VisualStudioVersion = 17.4.33103.184
MinimumVisualStudioVersion = 10.0.40219.1
Project("{9A19103F-16F7-4668-BE54-9A1E7A4F7556}") = "Web", "Web\Web.csproj", "{1D96CB72-6C46-4F62-B0D4-847F7B8354CF}"
	ProjectSection(ProjectDependencies) = postProject
		{A44F4752-0920-4468-AE97-9999FA0FAB46} = {A44F4752-0920-4468-AE97-9999FA0FAB46}
	EndProjectSection
EndProject
Project("{9A19103F-16F7-4668-BE54-9A1E7A4F7556}") = "API", "Web2\API.csproj", "{A44F4752-0920-4468-AE97-9999FA0FAB46}"
EndProject
Global
	GlobalSection(SolutionConfigurationPlatforms) = preSolution
		Debug|Any CPU = Debug|Any CPU
		Release|Any CPU = Release|Any CPU
	EndGlobalSection
	GlobalSection(ProjectConfigurationPlatforms) = postSolution
		{1D96CB72-6C46-4F62-B0D4-847F7B8354CF}.Debug|Any CPU.ActiveCfg = Debug|Any CPU
		{1D96CB72-6C46-4F62-B0D4-847F7B8354CF}.Debug|Any CPU.Build.0 = Debug|Any CPU
		{1D96CB72-6C46-4F62-B0D4-847F7B8354CF}.Release|Any CPU.ActiveCfg = Release|Any CPU
		{1D96CB72-6C46-4F62-B0D4-847F7B8354CF}.Release|Any CPU.Build.0 = Release|Any CPU
		{A44F4752-0920-4468-AE97-9999FA0FAB46}.Debug|Any CPU.ActiveCfg = Debug|Any CPU
		{A44F4752-0920-4468-AE97-9999FA0FAB46}.Debug|Any CPU.Build.0 = Debug|Any CPU
		{A44F4752-0920-4468-AE97-9999FA0FAB46}.Release|Any CPU.ActiveCfg = Release|Any CPU
		{A44F4752-0920-4468-AE97-9999FA0FAB46}.Release|Any CPU.Build.0 = Release|Any CPU
	EndGlobalSection
	GlobalSection(SolutionProperties) = preSolution
		HideSolutionNode = FALSE
	EndGlobalSection
	GlobalSection(ExtensibilityGlobals) = postSolution
		SolutionGuid = {39A98C38-DFA4-4F55-AAF6-27D2915CCED9}
	EndGlobalSection
EndGlobal
